
Microsoft Visual Studio Solution File, Format Version 12.00
# Visual Studio Version 17
VisualStudioVersion = 17.0.31903.59
MinimumVisualStudioVersion = 10.0.40219.1
Project("{2150E333-8FDC-42A3-9474-1A3956D46DE8}") = "src", "src", "{5AAFD990-7814-43D2-98AB-8BA620F34238}"
EndProject
Project("{2150E333-8FDC-42A3-9474-1A3956D46DE8}") = "Modules", "Modules", "{D48C45D1-972A-44CE-9586-8C2653A797FF}"
EndProject
Project("{2150E333-8FDC-42A3-9474-1A3956D46DE8}") = "Catalogo", "Catalogo", "{21E265AF-3847-465D-9C8D-792432B3D0A3}"
EndProject
Project("{FAE04EC0-301F-11D3-BF4B-00C04F79EFBC}") = "NerdStore.Catalogo.Domain", "src\Modules\Catalogo\NerdStore.Catalogo.Domain\NerdStore.Catalogo.Domain.csproj", "{ADAE9723-913A-4940-AADE-8BF23AE4D8C3}"
EndProject
Project("{2150E333-8FDC-42A3-9474-1A3956D46DE8}") = "Core", "Core", "{9C85FA96-2DD1-43F8-B6C9-0BEBBF87750E}"
EndProject
Project("{FAE04EC0-301F-11D3-BF4B-00C04F79EFBC}") = "NerdStore.Core", "src\Modules\Core\NerdStore.Core\NerdStore.Core.csproj", "{50967B3F-891E-459D-9B0A-46780D854682}"
EndProject
Project("{FAE04EC0-301F-11D3-BF4B-00C04F79EFBC}") = "NerdStore.Catalogo.Domain.Tests", "src\Modules\Catalogo\NerdStore.Catalogo.Domain.Tests\NerdStore.Catalogo.Domain.Tests.csproj", "{9093F3C4-6DA2-4C3B-900D-16062ADD1B7F}"
EndProject
Project("{FAE04EC0-301F-11D3-BF4B-00C04F79EFBC}") = "NerdStore.Catalogo.Infrastructure", "src\Modules\Catalogo\NerdStore.Catalogo.Infrastructure\NerdStore.Catalogo.Infrastructure.csproj", "{8D2F8002-9354-4815-AAD3-A9CB7135D182}"
EndProject
Project("{FAE04EC0-301F-11D3-BF4B-00C04F79EFBC}") = "NerdStore.Catalogo.Application", "src\Modules\Catalogo\NerdStore.Catalogo.Application\NerdStore.Catalogo.Application.csproj", "{73EF8E17-B339-4187-A5E6-985A7437C0B9}"
EndProject
Project("{2150E333-8FDC-42A3-9474-1A3956D46DE8}") = "WebApps", "WebApps", "{6AEF3993-EA23-4D2C-8B70-B01B6D86917A}"
EndProject
Project("{FAE04EC0-301F-11D3-BF4B-00C04F79EFBC}") = "NerdStore.WebApp.MVC", "src\WebApps\NerdStore.WebApp.MVC\NerdStore.WebApp.MVC.csproj", "{3FC87AC9-8721-4335-A5CD-77F8DE4B6FA3}"
EndProject
Project("{2150E333-8FDC-42A3-9474-1A3956D46DE8}") = "Vendas", "Vendas", "{E5AD710C-5B87-48F0-93B9-BD953EEBC0FC}"
EndProject
Project("{FAE04EC0-301F-11D3-BF4B-00C04F79EFBC}") = "NerdStore.Vendas.Domain", "src\Modules\Vendas\NerdStore.Vendas.Domain\NerdStore.Vendas.Domain.csproj", "{64F71073-2E9B-413C-AF4A-7B8BC9083604}"
EndProject
Project("{FAE04EC0-301F-11D3-BF4B-00C04F79EFBC}") = "NerdStore.Vendas.Application", "src\Modules\Vendas\NerdStore.Vendas.Application\NerdStore.Vendas.Application.csproj", "{AC24D321-65E4-43EE-9FAE-8771C69E2FB2}"
EndProject
Project("{FAE04EC0-301F-11D3-BF4B-00C04F79EFBC}") = "NerdStore.Vendas.Infrastructure", "src\Modules\Vendas\NerdStore.Vendas.Infrastructure\NerdStore.Vendas.Infrastructure.csproj", "{A4C040E2-A5A4-404B-A07D-C5B0737DB89A}"
EndProject
Project("{2150E333-8FDC-42A3-9474-1A3956D46DE8}") = "Pagamentos", "Pagamentos", "{940B863D-53DB-4111-9178-05803CA966B1}"
EndProject
Project("{FAE04EC0-301F-11D3-BF4B-00C04F79EFBC}") = "NerdStore.Pagamentos.Data", "src\Modules\Pagamentos\NerdStore.Pagamentos.Data\NerdStore.Pagamentos.Data.csproj", "{40A4169C-4B89-4E9A-A730-D97D142D381D}"
EndProject
Project("{FAE04EC0-301F-11D3-BF4B-00C04F79EFBC}") = "NerdStore.Pagamentos.Business", "src\Modules\Pagamentos\NerdStore.Pagamentos.Business\NerdStore.Pagamentos.Business.csproj", "{B9145873-8C2E-41D0-B28B-BD1BE18C0F90}"
EndProject
Project("{FAE04EC0-301F-11D3-BF4B-00C04F79EFBC}") = "NerdStore.Pagamentos.AntiCorruption", "src\Modules\Pagamentos\NerdStore.Pagamentos.AntiCorruption\NerdStore.Pagamentos.AntiCorruption.csproj", "{D5860270-245E-4DAB-8030-F35B4709096E}"
EndProject
Project("{2150E333-8FDC-42A3-9474-1A3956D46DE8}") = "BuildingBlocks", "BuildingBlocks", "{73FF35E2-20E4-4D93-ACB1-180205E43004}"
EndProject
Project("{FAE04EC0-301F-11D3-BF4B-00C04F79EFBC}") = "EventSourcing", "src\BuildingBlocks\EventSourcing\EventSourcing.csproj", "{555FC592-5097-4856-A19A-484C16A82CF3}"
EndProject
Global
	GlobalSection(SolutionConfigurationPlatforms) = preSolution
		Debug|Any CPU = Debug|Any CPU
		Release|Any CPU = Release|Any CPU
	EndGlobalSection
	GlobalSection(SolutionProperties) = preSolution
		HideSolutionNode = FALSE
	EndGlobalSection
	GlobalSection(ProjectConfigurationPlatforms) = postSolution
		{ADAE9723-913A-4940-AADE-8BF23AE4D8C3}.Debug|Any CPU.ActiveCfg = Debug|Any CPU
		{ADAE9723-913A-4940-AADE-8BF23AE4D8C3}.Debug|Any CPU.Build.0 = Debug|Any CPU
		{ADAE9723-913A-4940-AADE-8BF23AE4D8C3}.Release|Any CPU.ActiveCfg = Release|Any CPU
		{ADAE9723-913A-4940-AADE-8BF23AE4D8C3}.Release|Any CPU.Build.0 = Release|Any CPU
		{50967B3F-891E-459D-9B0A-46780D854682}.Debug|Any CPU.ActiveCfg = Debug|Any CPU
		{50967B3F-891E-459D-9B0A-46780D854682}.Debug|Any CPU.Build.0 = Debug|Any CPU
		{50967B3F-891E-459D-9B0A-46780D854682}.Release|Any CPU.ActiveCfg = Release|Any CPU
		{50967B3F-891E-459D-9B0A-46780D854682}.Release|Any CPU.Build.0 = Release|Any CPU
		{9093F3C4-6DA2-4C3B-900D-16062ADD1B7F}.Debug|Any CPU.ActiveCfg = Debug|Any CPU
		{9093F3C4-6DA2-4C3B-900D-16062ADD1B7F}.Debug|Any CPU.Build.0 = Debug|Any CPU
		{9093F3C4-6DA2-4C3B-900D-16062ADD1B7F}.Release|Any CPU.ActiveCfg = Release|Any CPU
		{9093F3C4-6DA2-4C3B-900D-16062ADD1B7F}.Release|Any CPU.Build.0 = Release|Any CPU
		{8D2F8002-9354-4815-AAD3-A9CB7135D182}.Debug|Any CPU.ActiveCfg = Debug|Any CPU
		{8D2F8002-9354-4815-AAD3-A9CB7135D182}.Debug|Any CPU.Build.0 = Debug|Any CPU
		{8D2F8002-9354-4815-AAD3-A9CB7135D182}.Release|Any CPU.ActiveCfg = Release|Any CPU
		{8D2F8002-9354-4815-AAD3-A9CB7135D182}.Release|Any CPU.Build.0 = Release|Any CPU
		{73EF8E17-B339-4187-A5E6-985A7437C0B9}.Debug|Any CPU.ActiveCfg = Debug|Any CPU
		{73EF8E17-B339-4187-A5E6-985A7437C0B9}.Debug|Any CPU.Build.0 = Debug|Any CPU
		{73EF8E17-B339-4187-A5E6-985A7437C0B9}.Release|Any CPU.ActiveCfg = Release|Any CPU
		{73EF8E17-B339-4187-A5E6-985A7437C0B9}.Release|Any CPU.Build.0 = Release|Any CPU
		{3FC87AC9-8721-4335-A5CD-77F8DE4B6FA3}.Debug|Any CPU.ActiveCfg = Debug|Any CPU
		{3FC87AC9-8721-4335-A5CD-77F8DE4B6FA3}.Debug|Any CPU.Build.0 = Debug|Any CPU
		{3FC87AC9-8721-4335-A5CD-77F8DE4B6FA3}.Release|Any CPU.ActiveCfg = Release|Any CPU
		{3FC87AC9-8721-4335-A5CD-77F8DE4B6FA3}.Release|Any CPU.Build.0 = Release|Any CPU
		{64F71073-2E9B-413C-AF4A-7B8BC9083604}.Debug|Any CPU.ActiveCfg = Debug|Any CPU
		{64F71073-2E9B-413C-AF4A-7B8BC9083604}.Debug|Any CPU.Build.0 = Debug|Any CPU
		{64F71073-2E9B-413C-AF4A-7B8BC9083604}.Release|Any CPU.ActiveCfg = Release|Any CPU
		{64F71073-2E9B-413C-AF4A-7B8BC9083604}.Release|Any CPU.Build.0 = Release|Any CPU
		{AC24D321-65E4-43EE-9FAE-8771C69E2FB2}.Debug|Any CPU.ActiveCfg = Debug|Any CPU
		{AC24D321-65E4-43EE-9FAE-8771C69E2FB2}.Debug|Any CPU.Build.0 = Debug|Any CPU
		{AC24D321-65E4-43EE-9FAE-8771C69E2FB2}.Release|Any CPU.ActiveCfg = Release|Any CPU
		{AC24D321-65E4-43EE-9FAE-8771C69E2FB2}.Release|Any CPU.Build.0 = Release|Any CPU
		{A4C040E2-A5A4-404B-A07D-C5B0737DB89A}.Debug|Any CPU.ActiveCfg = Debug|Any CPU
		{A4C040E2-A5A4-404B-A07D-C5B0737DB89A}.Debug|Any CPU.Build.0 = Debug|Any CPU
		{A4C040E2-A5A4-404B-A07D-C5B0737DB89A}.Release|Any CPU.ActiveCfg = Release|Any CPU
		{A4C040E2-A5A4-404B-A07D-C5B0737DB89A}.Release|Any CPU.Build.0 = Release|Any CPU
		{40A4169C-4B89-4E9A-A730-D97D142D381D}.Debug|Any CPU.ActiveCfg = Debug|Any CPU
		{40A4169C-4B89-4E9A-A730-D97D142D381D}.Debug|Any CPU.Build.0 = Debug|Any CPU
		{40A4169C-4B89-4E9A-A730-D97D142D381D}.Release|Any CPU.ActiveCfg = Release|Any CPU
		{40A4169C-4B89-4E9A-A730-D97D142D381D}.Release|Any CPU.Build.0 = Release|Any CPU
		{B9145873-8C2E-41D0-B28B-BD1BE18C0F90}.Debug|Any CPU.ActiveCfg = Debug|Any CPU
		{B9145873-8C2E-41D0-B28B-BD1BE18C0F90}.Debug|Any CPU.Build.0 = Debug|Any CPU
		{B9145873-8C2E-41D0-B28B-BD1BE18C0F90}.Release|Any CPU.ActiveCfg = Release|Any CPU
		{B9145873-8C2E-41D0-B28B-BD1BE18C0F90}.Release|Any CPU.Build.0 = Release|Any CPU
		{D5860270-245E-4DAB-8030-F35B4709096E}.Debug|Any CPU.ActiveCfg = Debug|Any CPU
		{D5860270-245E-4DAB-8030-F35B4709096E}.Debug|Any CPU.Build.0 = Debug|Any CPU
		{D5860270-245E-4DAB-8030-F35B4709096E}.Release|Any CPU.ActiveCfg = Release|Any CPU
		{D5860270-245E-4DAB-8030-F35B4709096E}.Release|Any CPU.Build.0 = Release|Any CPU
		{555FC592-5097-4856-A19A-484C16A82CF3}.Debug|Any CPU.ActiveCfg = Debug|Any CPU
		{555FC592-5097-4856-A19A-484C16A82CF3}.Debug|Any CPU.Build.0 = Debug|Any CPU
		{555FC592-5097-4856-A19A-484C16A82CF3}.Release|Any CPU.ActiveCfg = Release|Any CPU
		{555FC592-5097-4856-A19A-484C16A82CF3}.Release|Any CPU.Build.0 = Release|Any CPU
	EndGlobalSection
	GlobalSection(NestedProjects) = preSolution
		{D48C45D1-972A-44CE-9586-8C2653A797FF} = {5AAFD990-7814-43D2-98AB-8BA620F34238}
		{21E265AF-3847-465D-9C8D-792432B3D0A3} = {D48C45D1-972A-44CE-9586-8C2653A797FF}
		{ADAE9723-913A-4940-AADE-8BF23AE4D8C3} = {21E265AF-3847-465D-9C8D-792432B3D0A3}
		{9C85FA96-2DD1-43F8-B6C9-0BEBBF87750E} = {D48C45D1-972A-44CE-9586-8C2653A797FF}
		{50967B3F-891E-459D-9B0A-46780D854682} = {9C85FA96-2DD1-43F8-B6C9-0BEBBF87750E}
		{9093F3C4-6DA2-4C3B-900D-16062ADD1B7F} = {21E265AF-3847-465D-9C8D-792432B3D0A3}
		{8D2F8002-9354-4815-AAD3-A9CB7135D182} = {21E265AF-3847-465D-9C8D-792432B3D0A3}
		{73EF8E17-B339-4187-A5E6-985A7437C0B9} = {21E265AF-3847-465D-9C8D-792432B3D0A3}
		{6AEF3993-EA23-4D2C-8B70-B01B6D86917A} = {5AAFD990-7814-43D2-98AB-8BA620F34238}
		{3FC87AC9-8721-4335-A5CD-77F8DE4B6FA3} = {6AEF3993-EA23-4D2C-8B70-B01B6D86917A}
		{E5AD710C-5B87-48F0-93B9-BD953EEBC0FC} = {D48C45D1-972A-44CE-9586-8C2653A797FF}
		{64F71073-2E9B-413C-AF4A-7B8BC9083604} = {E5AD710C-5B87-48F0-93B9-BD953EEBC0FC}
		{AC24D321-65E4-43EE-9FAE-8771C69E2FB2} = {E5AD710C-5B87-48F0-93B9-BD953EEBC0FC}
		{A4C040E2-A5A4-404B-A07D-C5B0737DB89A} = {E5AD710C-5B87-48F0-93B9-BD953EEBC0FC}
		{940B863D-53DB-4111-9178-05803CA966B1} = {D48C45D1-972A-44CE-9586-8C2653A797FF}
		{40A4169C-4B89-4E9A-A730-D97D142D381D} = {940B863D-53DB-4111-9178-05803CA966B1}
		{B9145873-8C2E-41D0-B28B-BD1BE18C0F90} = {940B863D-53DB-4111-9178-05803CA966B1}
		{D5860270-245E-4DAB-8030-F35B4709096E} = {940B863D-53DB-4111-9178-05803CA966B1}
		{73FF35E2-20E4-4D93-ACB1-180205E43004} = {5AAFD990-7814-43D2-98AB-8BA620F34238}
		{555FC592-5097-4856-A19A-484C16A82CF3} = {73FF35E2-20E4-4D93-ACB1-180205E43004}
	EndGlobalSection
EndGlobal
